
Microsoft Visual Studio Solution File, Format Version 12.00
# Visual Studio Version 17
VisualStudioVersion = 17.14.36930.0
MinimumVisualStudioVersion = 10.0.40219.1
Project("{8BC9CEB8-8B4A-11D0-8D11-00A0C91BC942}") = "Darkages", "Darkages.vcxproj", "{AC45C5F0-8EA0-4A79-9848-96DBEAD62A9D}"
EndProject
Global
	GlobalSection(SolutionConfigurationPlatforms) = preSolution
		Debug|x64 = Debug|x64
		Release|x64 = Release|x64
	EndGlobalSection
	GlobalSection(ProjectConfigurationPlatforms) = postSolution
		{AC45C5F0-8EA0-4A79-9848-96DBEAD62A9D}.Debug|x64.ActiveCfg = Debug|x64
		{AC45C5F0-8EA0-4A79-9848-96DBEAD62A9D}.Debug|x64.Build.0 = Debug|x64
		{AC45C5F0-8EA0-4A79-9848-96DBEAD62A9D}.Release|x64.ActiveCfg = Release|x64
		{AC45C5F0-8EA0-4A79-9848-96DBEAD62A9D}.Release|x64.Build.0 = Release|x64
	EndGlobalSection
	GlobalSection(SolutionProperties) = preSolution
		HideSolutionNode = FALSE
	EndGlobalSection
	GlobalSection(ExtensibilityGlobals) = postSolution
		SolutionGuid = {24EA40EC-6974-4FA8-8EF6-C992242F0BE5}
	EndGlobalSection
EndGlobal